
Microsoft Visual Studio Solution File, Format Version 12.00
# Visual Studio Version 17
VisualStudioVersion = 17.7.34031.279
MinimumVisualStudioVersion = 10.0.40219.1
Project("{FAE04EC0-301F-11D3-BF4B-00C04F79EFBC}") = "prF_Text", "prF_Text\prF_Text.csproj", "{9D2D9402-E845-4703-A0B4-F52046E66AAB}"
EndProject
Global
	GlobalSection(SolutionConfigurationPlatforms) = preSolution
		Debug|Any CPU = Debug|Any CPU
		Debug|x86 = Debug|x86
		Release|Any CPU = Release|Any CPU
		Release|x86 = Release|x86
	EndGlobalSection
	GlobalSection(ProjectConfigurationPlatforms) = postSolution
		{9D2D9402-E845-4703-A0B4-F52046E66AAB}.Debug|Any CPU.ActiveCfg = Debug|Any CPU
		{9D2D9402-E845-4703-A0B4-F52046E66AAB}.Debug|Any CPU.Build.0 = Debug|Any CPU
		{9D2D9402-E845-4703-A0B4-F52046E66AAB}.Debug|x86.ActiveCfg = Debug|x86
		{9D2D9402-E845-4703-A0B4-F52046E66AAB}.Debug|x86.Build.0 = Debug|x86
		{9D2D9402-E845-4703-A0B4-F52046E66AAB}.Release|Any CPU.ActiveCfg = Release|Any CPU
		{9D2D9402-E845-4703-A0B4-F52046E66AAB}.Release|Any CPU.Build.0 = Release|Any CPU
		{9D2D9402-E845-4703-A0B4-F52046E66AAB}.Release|x86.ActiveCfg = Release|x86
		{9D2D9402-E845-4703-A0B4-F52046E66AAB}.Release|x86.Build.0 = Release|x86
	EndGlobalSection
	GlobalSection(SolutionProperties) = preSolution
		HideSolutionNode = FALSE
	EndGlobalSection
	GlobalSection(ExtensibilityGlobals) = postSolution
		SolutionGuid = {7F682D1C-BC2A-4B98-9D7A-F9D35DF58FB8}
	EndGlobalSection
EndGlobal
